
Microsoft Visual Studio Solution File, Format Version 12.00
# Visual Studio Version 17
VisualStudioVersion = 17.0.31903.59
MinimumVisualStudioVersion = 10.0.40219.1
Project("{2150E333-8FDC-42A3-9474-1A3956D46DE8}") = "domain", "domain", "{C24F5A71-5D00-4CF7-8618-F8D61CD09ECD}"
EndProject
Project("{FAE04EC0-301F-11D3-BF4B-00C04F79EFBC}") = "Store", "domain\Store\Store.csproj", "{C72DC18D-5DCE-45A1-97BD-12ADB55EF39C}"
EndProject
Global
	GlobalSection(SolutionConfigurationPlatforms) = preSolution
		Debug|Any CPU = Debug|Any CPU
		Release|Any CPU = Release|Any CPU
	EndGlobalSection
	GlobalSection(SolutionProperties) = preSolution
		HideSolutionNode = FALSE
	EndGlobalSection
	GlobalSection(ProjectConfigurationPlatforms) = postSolution
		{C72DC18D-5DCE-45A1-97BD-12ADB55EF39C}.Debug|Any CPU.ActiveCfg = Debug|Any CPU
		{C72DC18D-5DCE-45A1-97BD-12ADB55EF39C}.Debug|Any CPU.Build.0 = Debug|Any CPU
		{C72DC18D-5DCE-45A1-97BD-12ADB55EF39C}.Release|Any CPU.ActiveCfg = Release|Any CPU
		{C72DC18D-5DCE-45A1-97BD-12ADB55EF39C}.Release|Any CPU.Build.0 = Release|Any CPU
	EndGlobalSection
	GlobalSection(NestedProjects) = preSolution
		{C72DC18D-5DCE-45A1-97BD-12ADB55EF39C} = {C24F5A71-5D00-4CF7-8618-F8D61CD09ECD}
	EndGlobalSection
EndGlobal
