
Microsoft Visual Studio Solution File, Format Version 12.00
# Visual Studio Version 17
VisualStudioVersion = 17.0.31903.59
MinimumVisualStudioVersion = 10.0.40219.1
Project("{2150E333-8FDC-42A3-9474-1A3956D46DE8}") = "domain", "domain", "{C24F5A71-5D00-4CF7-8618-F8D61CD09ECD}"
EndProject
Project("{9A19103F-16F7-4668-BE54-9A1E7A4F7556}") = "Store", "domain\Store\Store.csproj", "{C72DC18D-5DCE-45A1-97BD-12ADB55EF39C}"
EndProject
Project("{2150E333-8FDC-42A3-9474-1A3956D46DE8}") = "infrastructure", "infrastructure", "{ED98EE39-D241-433F-926F-BA241F9D1120}"
EndProject
Project("{9A19103F-16F7-4668-BE54-9A1E7A4F7556}") = "Store.Memory", "infrastructure\Store.Memory\Store.Memory.csproj", "{9B2733D1-581E-44DC-A996-03EB0E8E7677}"
EndProject
Project("{2150E333-8FDC-42A3-9474-1A3956D46DE8}") = "presentation", "presentation", "{4351F3B6-ADC1-4A4E-B364-2AC635FD593C}"
EndProject
Project("{9A19103F-16F7-4668-BE54-9A1E7A4F7556}") = "Store.Web", "presentation\Store.Web\Store.Web.csproj", "{845B4171-E195-4D39-B4A9-BE9C4FC7A3AD}"
EndProject
Project("{9A19103F-16F7-4668-BE54-9A1E7A4F7556}") = "Store.Tests", "domain\Store.Tests\Store.Tests.csproj", "{3AB5EA93-22B9-492A-97A3-A3618331D560}"
EndProject
Project("{FAE04EC0-301F-11D3-BF4B-00C04F79EFBC}") = "Store.Web.Contractors", "presentation\Store.Web.Contractors\Store.Web.Contractors.csproj", "{BBEDAE1E-4EB8-45A2-B974-D77A56A31AE4}"
EndProject
Project("{2150E333-8FDC-42A3-9474-1A3956D46DE8}") = "plugins", "plugins", "{51AF1BB5-4DB8-42F0-9982-A6588ABC3ADE}"
EndProject
Project("{FAE04EC0-301F-11D3-BF4B-00C04F79EFBC}") = "Store.YandexKassa", "plugins\Store.YandexKassa\Store.YandexKassa.csproj", "{BA60FACA-5E03-4B2C-90DF-3DE7F8A338CF}"
EndProject
Global
	GlobalSection(SolutionConfigurationPlatforms) = preSolution
		Debug|Any CPU = Debug|Any CPU
		Release|Any CPU = Release|Any CPU
	EndGlobalSection
	GlobalSection(ProjectConfigurationPlatforms) = postSolution
		{C72DC18D-5DCE-45A1-97BD-12ADB55EF39C}.Debug|Any CPU.ActiveCfg = Debug|Any CPU
		{C72DC18D-5DCE-45A1-97BD-12ADB55EF39C}.Debug|Any CPU.Build.0 = Debug|Any CPU
		{C72DC18D-5DCE-45A1-97BD-12ADB55EF39C}.Release|Any CPU.ActiveCfg = Release|Any CPU
		{C72DC18D-5DCE-45A1-97BD-12ADB55EF39C}.Release|Any CPU.Build.0 = Release|Any CPU
		{9B2733D1-581E-44DC-A996-03EB0E8E7677}.Debug|Any CPU.ActiveCfg = Debug|Any CPU
		{9B2733D1-581E-44DC-A996-03EB0E8E7677}.Debug|Any CPU.Build.0 = Debug|Any CPU
		{9B2733D1-581E-44DC-A996-03EB0E8E7677}.Release|Any CPU.ActiveCfg = Release|Any CPU
		{9B2733D1-581E-44DC-A996-03EB0E8E7677}.Release|Any CPU.Build.0 = Release|Any CPU
		{845B4171-E195-4D39-B4A9-BE9C4FC7A3AD}.Debug|Any CPU.ActiveCfg = Debug|Any CPU
		{845B4171-E195-4D39-B4A9-BE9C4FC7A3AD}.Debug|Any CPU.Build.0 = Debug|Any CPU
		{845B4171-E195-4D39-B4A9-BE9C4FC7A3AD}.Release|Any CPU.ActiveCfg = Release|Any CPU
		{845B4171-E195-4D39-B4A9-BE9C4FC7A3AD}.Release|Any CPU.Build.0 = Release|Any CPU
		{3AB5EA93-22B9-492A-97A3-A3618331D560}.Debug|Any CPU.ActiveCfg = Debug|Any CPU
		{3AB5EA93-22B9-492A-97A3-A3618331D560}.Debug|Any CPU.Build.0 = Debug|Any CPU
		{3AB5EA93-22B9-492A-97A3-A3618331D560}.Release|Any CPU.ActiveCfg = Release|Any CPU
		{3AB5EA93-22B9-492A-97A3-A3618331D560}.Release|Any CPU.Build.0 = Release|Any CPU
		{BBEDAE1E-4EB8-45A2-B974-D77A56A31AE4}.Debug|Any CPU.ActiveCfg = Debug|Any CPU
		{BBEDAE1E-4EB8-45A2-B974-D77A56A31AE4}.Debug|Any CPU.Build.0 = Debug|Any CPU
		{BBEDAE1E-4EB8-45A2-B974-D77A56A31AE4}.Release|Any CPU.ActiveCfg = Release|Any CPU
		{BBEDAE1E-4EB8-45A2-B974-D77A56A31AE4}.Release|Any CPU.Build.0 = Release|Any CPU
		{BA60FACA-5E03-4B2C-90DF-3DE7F8A338CF}.Debug|Any CPU.ActiveCfg = Debug|Any CPU
		{BA60FACA-5E03-4B2C-90DF-3DE7F8A338CF}.Debug|Any CPU.Build.0 = Debug|Any CPU
		{BA60FACA-5E03-4B2C-90DF-3DE7F8A338CF}.Release|Any CPU.ActiveCfg = Release|Any CPU
		{BA60FACA-5E03-4B2C-90DF-3DE7F8A338CF}.Release|Any CPU.Build.0 = Release|Any CPU
	EndGlobalSection
	GlobalSection(SolutionProperties) = preSolution
		HideSolutionNode = FALSE
	EndGlobalSection
	GlobalSection(NestedProjects) = preSolution
		{C72DC18D-5DCE-45A1-97BD-12ADB55EF39C} = {C24F5A71-5D00-4CF7-8618-F8D61CD09ECD}
		{9B2733D1-581E-44DC-A996-03EB0E8E7677} = {ED98EE39-D241-433F-926F-BA241F9D1120}
		{845B4171-E195-4D39-B4A9-BE9C4FC7A3AD} = {4351F3B6-ADC1-4A4E-B364-2AC635FD593C}
		{3AB5EA93-22B9-492A-97A3-A3618331D560} = {C24F5A71-5D00-4CF7-8618-F8D61CD09ECD}
		{BBEDAE1E-4EB8-45A2-B974-D77A56A31AE4} = {4351F3B6-ADC1-4A4E-B364-2AC635FD593C}
		{BA60FACA-5E03-4B2C-90DF-3DE7F8A338CF} = {51AF1BB5-4DB8-42F0-9982-A6588ABC3ADE}
	EndGlobalSection
	GlobalSection(ExtensibilityGlobals) = postSolution
		SolutionGuid = {E8BC71A9-1C67-484A-8050-686C3A2754EC}
	EndGlobalSection
EndGlobal
